
Microsoft Visual Studio Solution File, Format Version 12.00
# Visual Studio 15
VisualStudioVersion = 15.0.28307.421
MinimumVisualStudioVersion = 10.0.40219.1
Project("{9A19103F-16F7-4668-BE54-9A1E7A4F7556}") = "Basically", "Basically.csproj", "{FB2CB9F9-482C-4171-89EB-65295C7F6A1D}"
EndProject
Global
	GlobalSection(SolutionConfigurationPlatforms) = preSolution
		Debug|Any CPU = Debug|Any CPU
		Release|Any CPU = Release|Any CPU
	EndGlobalSection
	GlobalSection(ProjectConfigurationPlatforms) = postSolution
		{FB2CB9F9-482C-4171-89EB-65295C7F6A1D}.Debug|Any CPU.ActiveCfg = Debug|Any CPU
		{FB2CB9F9-482C-4171-89EB-65295C7F6A1D}.Debug|Any CPU.Build.0 = Debug|Any CPU
		{FB2CB9F9-482C-4171-89EB-65295C7F6A1D}.Release|Any CPU.ActiveCfg = Release|Any CPU
		{FB2CB9F9-482C-4171-89EB-65295C7F6A1D}.Release|Any CPU.Build.0 = Release|Any CPU
	EndGlobalSection
	GlobalSection(SolutionProperties) = preSolution
		HideSolutionNode = FALSE
	EndGlobalSection
	GlobalSection(ExtensibilityGlobals) = postSolution
		SolutionGuid = {30C4F260-174A-4457-A7E4-E57FF12305B5}
	EndGlobalSection
EndGlobal
